{
  "nodes": {
    "cmake-gtest-nvim": {
      "flake": false,
      "locked": {
        "lastModified": 1725721375,
        "narHash": "sha256-SfcMXjs5JrXai8dxWa5dq2McJW2evRmRNrdIUIhz7ac=",
        "owner": "hfn92",
        "repo": "cmake-gtest.nvim",
        "rev": "96b41e0a032f80ff02f12b5ded9706960d1d54ca",
        "type": "github"
      },
      "original": {
        "owner": "hfn92",
        "repo": "cmake-gtest.nvim",
        "type": "github"
      }
    },
    "cmake-tools-nvim": {
      "flake": false,
      "locked": {
        "lastModified": 1745314173,
        "narHash": "sha256-qX7GYj7zP2XR/NWfwSWT/+STEa0nu2KgTEsPvY/DgWQ=",
        "owner": "Civitasv",
        "repo": "cmake-tools.nvim",
        "rev": "1ee065c33ca777c0e03cd7c358010202ee70bb88",
        "type": "github"
      },
      "original": {
        "owner": "Civitasv",
        "repo": "cmake-tools.nvim",
        "type": "github"
      }
    },
    "color-picker-nvim": {
      "flake": false,
      "locked": {
        "lastModified": 1684706781,
        "narHash": "sha256-a1hpKKvBG8ey/+gbfFEK8CPawEK9EdcQbnIfi7X0C9I=",
        "owner": "ziontee113",
        "repo": "color-picker.nvim",
        "rev": "06cb5f853535dea529a523e9a0e8884cdf9eba4d",
        "type": "github"
      },
      "original": {
        "owner": "ziontee113",
        "repo": "color-picker.nvim",
        "type": "github"
      }
    },
    "colorful-winsep-nvim": {
      "flake": false,
      "locked": {
        "lastModified": 1744337773,
        "narHash": "sha256-3ZXbpUNZqLHaUWgb2wHnfQfcGkMpcRtAt8q7z0tmo1o=",
        "owner": "nvim-zh",
        "repo": "colorful-winsep.nvim",
        "rev": "7bbe4e1353c0fe37c98bad2758aafc410280f6b3",
        "type": "github"
      },
      "original": {
        "owner": "nvim-zh",
        "repo": "colorful-winsep.nvim",
        "type": "github"
      }
    },
    "evergarden-nvim": {
      "flake": false,
      "locked": {
        "lastModified": 1747603028,
        "narHash": "sha256-0+I2Y0bE1IYiHQo1ELkLcxWPmWg5g3d2KIlqNnFbaZI=",
        "owner": "everviolet",
        "repo": "nvim",
        "rev": "d4612a121151ccc98a45802a93ce8321700a2a52",
        "type": "github"
      },
      "original": {
        "owner": "everviolet",
        "repo": "nvim",
        "type": "github"
      }
    },
    "flake-parts": {
      "inputs": {
        "nixpkgs-lib": [
          "nixpkgs"
        ]
      },
      "locked": {
        "lastModified": 1743550720,
        "narHash": "sha256-hIshGgKZCgWh6AYJpJmRgFdR3WUbkY04o82X05xqQiY=",
        "owner": "hercules-ci",
        "repo": "flake-parts",
        "rev": "c621e8422220273271f52058f618c94e405bb0f5",
        "type": "github"
      },
      "original": {
        "owner": "hercules-ci",
        "repo": "flake-parts",
        "type": "github"
      }
    },
    "hlchunk-nvim": {
      "flake": false,
      "locked": {
        "lastModified": 1746532323,
        "narHash": "sha256-92WEefXv038Xp98sC94yyrdX7ztc5z27G6FRYykO42I=",
        "owner": "postcyberpunk",
        "repo": "hlchunk.nvim",
        "rev": "b3950b3f2fd46ba8706fe9893c1aeb2f765a03d2",
        "type": "github"
      },
      "original": {
        "owner": "postcyberpunk",
        "ref": "pcp-fix",
        "repo": "hlchunk.nvim",
        "type": "github"
      }
    },
    "nixpkgs": {
      "locked": {
        "lastModified": 1746904237,
        "narHash": "sha256-3e+AVBczosP5dCLQmMoMEogM57gmZ2qrVSrmq9aResQ=",
        "owner": "NixOS",
        "repo": "nixpkgs",
        "rev": "d89fc19e405cb2d55ce7cc114356846a0ee5e956",
        "type": "github"
      },
      "original": {
        "owner": "NixOS",
        "ref": "nixos-unstable",
        "repo": "nixpkgs",
        "type": "github"
      }
    },
    "root": {
      "inputs": {
        "cmake-gtest-nvim": "cmake-gtest-nvim",
        "cmake-tools-nvim": "cmake-tools-nvim",
        "color-picker-nvim": "color-picker-nvim",
        "colorful-winsep-nvim": "colorful-winsep-nvim",
        "evergarden-nvim": "evergarden-nvim",
        "flake-parts": "flake-parts",
        "hlchunk-nvim": "hlchunk-nvim",
        "nixpkgs": "nixpkgs",
        "univim-nvim": "univim-nvim"
      }
    },
    "univim-nvim": {
      "flake": false,
      "locked": {
        "lastModified": 1706432477,
        "narHash": "sha256-s//qwdWS1o66zEr+p6/3569t1Y+Ks0ELEzhmJ5t41wU=",
        "owner": "postcyberpunk",
        "repo": "univim.nvim",
        "rev": "bec0589dd3ac812154e4e1d008bc1f394f049d34",
        "type": "github"
      },
      "original": {
        "owner": "postcyberpunk",
        "repo": "univim.nvim",
        "type": "github"
      }
    }
  },
  "root": "root",
  "version": 7
}
